
Microsoft Visual Studio Solution File, Format Version 12.00
# Visual Studio Version 16
VisualStudioVersion = 16.0.31019.35
MinimumVisualStudioVersion = 10.0.40219.1
Project("{FAE04EC0-301F-11D3-BF4B-00C04F79EFBC}") = "Task2", "Task2\Task2.csproj", "{30984C97-B02E-4676-8022-5EAFBF21E576}"
EndProject
Global
	GlobalSection(SolutionConfigurationPlatforms) = preSolution
		Debug|Any CPU = Debug|Any CPU
		Release|Any CPU = Release|Any CPU
	EndGlobalSection
	GlobalSection(ProjectConfigurationPlatforms) = postSolution
		{30984C97-B02E-4676-8022-5EAFBF21E576}.Debug|Any CPU.ActiveCfg = Debug|Any CPU
		{30984C97-B02E-4676-8022-5EAFBF21E576}.Debug|Any CPU.Build.0 = Debug|Any CPU
		{30984C97-B02E-4676-8022-5EAFBF21E576}.Release|Any CPU.ActiveCfg = Release|Any CPU
		{30984C97-B02E-4676-8022-5EAFBF21E576}.Release|Any CPU.Build.0 = Release|Any CPU
	EndGlobalSection
	GlobalSection(SolutionProperties) = preSolution
		HideSolutionNode = FALSE
	EndGlobalSection
	GlobalSection(ExtensibilityGlobals) = postSolution
		SolutionGuid = {ECBC4E82-0121-4DCF-ADF3-9A422E79EFC8}
	EndGlobalSection
EndGlobal
